// !$*UTF8*$!
{
	archiveVersion = 1;
	classes = {
	};
	objectVersion = 55;
	objects = {

/* Begin PBXBuildFile section */
		274869A927494118003BE4CE /* AddToDoFlowController.swift in Sources */ = {isa = PBXBuildFile; fileRef = 274869A827494118003BE4CE /* AddToDoFlowController.swift */; };
		276459B7278098EA00B21186 /* ToDoListViewController.swift in Sources */ = {isa = PBXBuildFile; fileRef = 276459B6278098EA00B21186 /* ToDoListViewController.swift */; };
		276459B927809AF100B21186 /* EditToDoViewController.swift in Sources */ = {isa = PBXBuildFile; fileRef = 276459B827809AF100B21186 /* EditToDoViewController.swift */; };
		276459BC2780A46E00B21186 /* EditToDoFlowController.swift in Sources */ = {isa = PBXBuildFile; fileRef = 276459BB2780A46E00B21186 /* EditToDoFlowController.swift */; };
		276459BF2781E7D700B21186 /* LogViewController.swift in Sources */ = {isa = PBXBuildFile; fileRef = 276459BE2781E7D700B21186 /* LogViewController.swift */; };
		276459C12781F13300B21186 /* CompleteToDoListViewController.swift in Sources */ = {isa = PBXBuildFile; fileRef = 276459C02781F13300B21186 /* CompleteToDoListViewController.swift */; };
		276459CA2782926200B21186 /* LoginFlowController.swift in Sources */ = {isa = PBXBuildFile; fileRef = 276459C92782926200B21186 /* LoginFlowController.swift */; };
		276459CC2782927500B21186 /* LoginViewController.swift in Sources */ = {isa = PBXBuildFile; fileRef = 276459CB2782927500B21186 /* LoginViewController.swift */; };
		276459CE278292B700B21186 /* LoginOptionViewController.swift in Sources */ = {isa = PBXBuildFile; fileRef = 276459CD278292B700B21186 /* LoginOptionViewController.swift */; };
		276459D0278292C800B21186 /* SignupViewController.swift in Sources */ = {isa = PBXBuildFile; fileRef = 276459CF278292C800B21186 /* SignupViewController.swift */; };
		276459D32782978000B21186 /* Notifications.swift in Sources */ = {isa = PBXBuildFile; fileRef = 276459D12782978000B21186 /* Notifications.swift */; };
		276459D42782978000B21186 /* Notifications+Handlings.swift in Sources */ = {isa = PBXBuildFile; fileRef = 276459D22782978000B21186 /* Notifications+Handlings.swift */; };
		276459D72782D12800B21186 /* RootTabBarController.swift in Sources */ = {isa = PBXBuildFile; fileRef = 276459D52782D12800B21186 /* RootTabBarController.swift */; };
		276459D82782D12800B21186 /* RootTabBarDelegateProxy.swift in Sources */ = {isa = PBXBuildFile; fileRef = 276459D62782D12800B21186 /* RootTabBarDelegateProxy.swift */; };
		2774F0E827491D31001979BC /* SplashFlowController.swift in Sources */ = {isa = PBXBuildFile; fileRef = 2774F0E727491D31001979BC /* SplashFlowController.swift */; };
		2774F0EA27491D74001979BC /* SplashViewController.swift in Sources */ = {isa = PBXBuildFile; fileRef = 2774F0E927491D74001979BC /* SplashViewController.swift */; };
		2777A72B273BC7AA00860C2B /* UIKit+Extension.swift in Sources */ = {isa = PBXBuildFile; fileRef = 2777A72A273BC7AA00860C2B /* UIKit+Extension.swift */; };
		2777A72D273BF62700860C2B /* ToDoListFlowController.swift in Sources */ = {isa = PBXBuildFile; fileRef = 2777A72C273BF62700860C2B /* ToDoListFlowController.swift */; };
		2777A72F273BF9BB00860C2B /* RootTabBarFlowController.swift in Sources */ = {isa = PBXBuildFile; fileRef = 2777A72E273BF9BB00860C2B /* RootTabBarFlowController.swift */; };
		2777A731273BFD2500860C2B /* ToDoDetailFlowController.swift in Sources */ = {isa = PBXBuildFile; fileRef = 2777A730273BFD2500860C2B /* ToDoDetailFlowController.swift */; };
		2777A733273C04B100860C2B /* ToDoDetailViewController.swift in Sources */ = {isa = PBXBuildFile; fileRef = 2777A732273C04B100860C2B /* ToDoDetailViewController.swift */; };
		2777A737273C074000860C2B /* CompleteToDoListFlowController.swift in Sources */ = {isa = PBXBuildFile; fileRef = 2777A736273C074000860C2B /* CompleteToDoListFlowController.swift */; };
		2777A739273CB2A600860C2B /* RouteType.swift in Sources */ = {isa = PBXBuildFile; fileRef = 2777A738273CB2A600860C2B /* RouteType.swift */; };
		2777A73E273D034E00860C2B /* AppFlowController.swift in Sources */ = {isa = PBXBuildFile; fileRef = 2777A73D273D034E00860C2B /* AppFlowController.swift */; };
		2788A8842739574C002B4A5F /* AppDelegate.swift in Sources */ = {isa = PBXBuildFile; fileRef = 2788A8832739574C002B4A5F /* AppDelegate.swift */; };
		2788A88D2739574E002B4A5F /* Assets.xcassets in Resources */ = {isa = PBXBuildFile; fileRef = 2788A88C2739574E002B4A5F /* Assets.xcassets */; };
		2788A8902739574E002B4A5F /* LaunchScreen.storyboard in Resources */ = {isa = PBXBuildFile; fileRef = 2788A88E2739574E002B4A5F /* LaunchScreen.storyboard */; };
/* End PBXBuildFile section */

/* Begin PBXFileReference section */
		274869A827494118003BE4CE /* AddToDoFlowController.swift */ = {isa = PBXFileReference; lastKnownFileType = sourcecode.swift; path = AddToDoFlowController.swift; sourceTree = "<group>"; };
		276459B6278098EA00B21186 /* ToDoListViewController.swift */ = {isa = PBXFileReference; lastKnownFileType = sourcecode.swift; path = ToDoListViewController.swift; sourceTree = "<group>"; };
		276459B827809AF100B21186 /* EditToDoViewController.swift */ = {isa = PBXFileReference; lastKnownFileType = sourcecode.swift; path = EditToDoViewController.swift; sourceTree = "<group>"; };
		276459BB2780A46E00B21186 /* EditToDoFlowController.swift */ = {isa = PBXFileReference; lastKnownFileType = sourcecode.swift; path = EditToDoFlowController.swift; sourceTree = "<group>"; };
		276459BE2781E7D700B21186 /* LogViewController.swift */ = {isa = PBXFileReference; lastKnownFileType = sourcecode.swift; path = LogViewController.swift; sourceTree = "<group>"; };
		276459C02781F13300B21186 /* CompleteToDoListViewController.swift */ = {isa = PBXFileReference; lastKnownFileType = sourcecode.swift; path = CompleteToDoListViewController.swift; sourceTree = "<group>"; };
		276459C92782926200B21186 /* LoginFlowController.swift */ = {isa = PBXFileReference; lastKnownFileType = sourcecode.swift; path = LoginFlowController.swift; sourceTree = "<group>"; };
		276459CB2782927500B21186 /* LoginViewController.swift */ = {isa = PBXFileReference; lastKnownFileType = sourcecode.swift; path = LoginViewController.swift; sourceTree = "<group>"; };
		276459CD278292B700B21186 /* LoginOptionViewController.swift */ = {isa = PBXFileReference; lastKnownFileType = sourcecode.swift; path = LoginOptionViewController.swift; sourceTree = "<group>"; };
		276459CF278292C800B21186 /* SignupViewController.swift */ = {isa = PBXFileReference; lastKnownFileType = sourcecode.swift; path = SignupViewController.swift; sourceTree = "<group>"; };
		276459D12782978000B21186 /* Notifications.swift */ = {isa = PBXFileReference; fileEncoding = 4; lastKnownFileType = sourcecode.swift; path = Notifications.swift; sourceTree = "<group>"; };
		276459D22782978000B21186 /* Notifications+Handlings.swift */ = {isa = PBXFileReference; fileEncoding = 4; lastKnownFileType = sourcecode.swift; path = "Notifications+Handlings.swift"; sourceTree = "<group>"; };
		276459D52782D12800B21186 /* RootTabBarController.swift */ = {isa = PBXFileReference; fileEncoding = 4; lastKnownFileType = sourcecode.swift; path = RootTabBarController.swift; sourceTree = "<group>"; };
		276459D62782D12800B21186 /* RootTabBarDelegateProxy.swift */ = {isa = PBXFileReference; fileEncoding = 4; lastKnownFileType = sourcecode.swift; path = RootTabBarDelegateProxy.swift; sourceTree = "<group>"; };
		2774F0E727491D31001979BC /* SplashFlowController.swift */ = {isa = PBXFileReference; lastKnownFileType = sourcecode.swift; path = SplashFlowController.swift; sourceTree = "<group>"; };
		2774F0E927491D74001979BC /* SplashViewController.swift */ = {isa = PBXFileReference; lastKnownFileType = sourcecode.swift; path = SplashViewController.swift; sourceTree = "<group>"; };
		2777A72A273BC7AA00860C2B /* UIKit+Extension.swift */ = {isa = PBXFileReference; lastKnownFileType = sourcecode.swift; path = "UIKit+Extension.swift"; sourceTree = "<group>"; };
		2777A72C273BF62700860C2B /* ToDoListFlowController.swift */ = {isa = PBXFileReference; lastKnownFileType = sourcecode.swift; path = ToDoListFlowController.swift; sourceTree = "<group>"; };
		2777A72E273BF9BB00860C2B /* RootTabBarFlowController.swift */ = {isa = PBXFileReference; lastKnownFileType = sourcecode.swift; path = RootTabBarFlowController.swift; sourceTree = "<group>"; };
		2777A730273BFD2500860C2B /* ToDoDetailFlowController.swift */ = {isa = PBXFileReference; lastKnownFileType = sourcecode.swift; path = ToDoDetailFlowController.swift; sourceTree = "<group>"; };
		2777A732273C04B100860C2B /* ToDoDetailViewController.swift */ = {isa = PBXFileReference; lastKnownFileType = sourcecode.swift; path = ToDoDetailViewController.swift; sourceTree = "<group>"; };
		2777A736273C074000860C2B /* CompleteToDoListFlowController.swift */ = {isa = PBXFileReference; lastKnownFileType = sourcecode.swift; path = CompleteToDoListFlowController.swift; sourceTree = "<group>"; };
		2777A738273CB2A600860C2B /* RouteType.swift */ = {isa = PBXFileReference; lastKnownFileType = sourcecode.swift; path = RouteType.swift; sourceTree = "<group>"; };
		2777A73D273D034E00860C2B /* AppFlowController.swift */ = {isa = PBXFileReference; lastKnownFileType = sourcecode.swift; path = AppFlowController.swift; sourceTree = "<group>"; };
		2788A8802739574C002B4A5F /* TestFlowController.app */ = {isa = PBXFileReference; explicitFileType = wrapper.application; includeInIndex = 0; path = TestFlowController.app; sourceTree = BUILT_PRODUCTS_DIR; };
		2788A8832739574C002B4A5F /* AppDelegate.swift */ = {isa = PBXFileReference; lastKnownFileType = sourcecode.swift; path = AppDelegate.swift; sourceTree = "<group>"; };
		2788A88C2739574E002B4A5F /* Assets.xcassets */ = {isa = PBXFileReference; lastKnownFileType = folder.assetcatalog; path = Assets.xcassets; sourceTree = "<group>"; };
		2788A88F2739574E002B4A5F /* Base */ = {isa = PBXFileReference; lastKnownFileType = file.storyboard; name = Base; path = Base.lproj/LaunchScreen.storyboard; sourceTree = "<group>"; };
		2788A8912739574E002B4A5F /* Info.plist */ = {isa = PBXFileReference; lastKnownFileType = text.plist.xml; path = Info.plist; sourceTree = "<group>"; };
/* End PBXFileReference section */

/* Begin PBXFrameworksBuildPhase section */
		2788A87D2739574C002B4A5F /* Frameworks */ = {
			isa = PBXFrameworksBuildPhase;
			buildActionMask = 2147483647;
			files = (
			);
			runOnlyForDeploymentPostprocessing = 0;
		};
/* End PBXFrameworksBuildPhase section */

/* Begin PBXGroup section */
		274869AA274B3327003BE4CE /* Root */ = {
			isa = PBXGroup;
			children = (
				2777A72E273BF9BB00860C2B /* RootTabBarFlowController.swift */,
				276459D52782D12800B21186 /* RootTabBarController.swift */,
				276459D62782D12800B21186 /* RootTabBarDelegateProxy.swift */,
			);
			path = Root;
			sourceTree = "<group>";
		};
		276459BA2780A44F00B21186 /* Edit ToDo */ = {
			isa = PBXGroup;
			children = (
				276459BB2780A46E00B21186 /* EditToDoFlowController.swift */,
				276459B827809AF100B21186 /* EditToDoViewController.swift */,
			);
			path = "Edit ToDo";
			sourceTree = "<group>";
		};
		276459BD2781E7C200B21186 /* Common */ = {
			isa = PBXGroup;
			children = (
				276459BE2781E7D700B21186 /* LogViewController.swift */,
				276459D12782978000B21186 /* Notifications.swift */,
				276459D22782978000B21186 /* Notifications+Handlings.swift */,
			);
			path = Common;
			sourceTree = "<group>";
		};
		276459C82782924800B21186 /* Login */ = {
			isa = PBXGroup;
			children = (
				276459C92782926200B21186 /* LoginFlowController.swift */,
				276459CD278292B700B21186 /* LoginOptionViewController.swift */,
				276459CF278292C800B21186 /* SignupViewController.swift */,
				276459CB2782927500B21186 /* LoginViewController.swift */,
			);
			path = Login;
			sourceTree = "<group>";
		};
		2774F0E627491D07001979BC /* Splash */ = {
			isa = PBXGroup;
			children = (
				2774F0E727491D31001979BC /* SplashFlowController.swift */,
				2774F0E927491D74001979BC /* SplashViewController.swift */,
			);
			path = Splash;
			sourceTree = "<group>";
		};
		2777A729273BC79400860C2B /* Extension */ = {
			isa = PBXGroup;
			children = (
				2777A72A273BC7AA00860C2B /* UIKit+Extension.swift */,
				2777A738273CB2A600860C2B /* RouteType.swift */,
			);
			path = Extension;
			sourceTree = "<group>";
		};
		2777A73A273CF6BA00860C2B /* Add ToDo */ = {
			isa = PBXGroup;
			children = (
				274869A827494118003BE4CE /* AddToDoFlowController.swift */,
			);
			path = "Add ToDo";
			sourceTree = "<group>";
		};
		2788A8772739574C002B4A5F = {
			isa = PBXGroup;
			children = (
				2788A8822739574C002B4A5F /* TestFlowController */,
				2788A8812739574C002B4A5F /* Products */,
			);
			sourceTree = "<group>";
		};
		2788A8812739574C002B4A5F /* Products */ = {
			isa = PBXGroup;
			children = (
				2788A8802739574C002B4A5F /* TestFlowController.app */,
			);
			name = Products;
			sourceTree = "<group>";
		};
		2788A8822739574C002B4A5F /* TestFlowController */ = {
			isa = PBXGroup;
			children = (
				2788A8832739574C002B4A5F /* AppDelegate.swift */,
				276459BD2781E7C200B21186 /* Common */,
				2777A729273BC79400860C2B /* Extension */,
				2788A8A627395867002B4A5F /* Demo flow controller */,
				2788A88C2739574E002B4A5F /* Assets.xcassets */,
				2788A88E2739574E002B4A5F /* LaunchScreen.storyboard */,
				2788A8912739574E002B4A5F /* Info.plist */,
			);
			path = TestFlowController;
			sourceTree = "<group>";
		};
		2788A8A627395867002B4A5F /* Demo flow controller */ = {
			isa = PBXGroup;
			children = (
				2777A73D273D034E00860C2B /* AppFlowController.swift */,
				274869AA274B3327003BE4CE /* Root */,
				2774F0E627491D07001979BC /* Splash */,
				276459C82782924800B21186 /* Login */,
				2788A8BA273AB795002B4A5F /* ToDo list */,
				2788A8BB273AB7A0002B4A5F /* Complete ToDo List */,
			);
			path = "Demo flow controller";
			sourceTree = "<group>";
		};
		2788A8BA273AB795002B4A5F /* ToDo list */ = {
			isa = PBXGroup;
			children = (
				2777A72C273BF62700860C2B /* ToDoListFlowController.swift */,
				276459B6278098EA00B21186 /* ToDoListViewController.swift */,
				276459BA2780A44F00B21186 /* Edit ToDo */,
				2788A8BC273AB7BB002B4A5F /* ToDo detail */,
				2777A73A273CF6BA00860C2B /* Add ToDo */,
			);
			path = "ToDo list";
			sourceTree = "<group>";
		};
		2788A8BB273AB7A0002B4A5F /* Complete ToDo List */ = {
			isa = PBXGroup;
			children = (
				2777A736273C074000860C2B /* CompleteToDoListFlowController.swift */,
				276459C02781F13300B21186 /* CompleteToDoListViewController.swift */,
			);
			path = "Complete ToDo List";
			sourceTree = "<group>";
		};
		2788A8BC273AB7BB002B4A5F /* ToDo detail */ = {
			isa = PBXGroup;
			children = (
				2777A730273BFD2500860C2B /* ToDoDetailFlowController.swift */,
				2777A732273C04B100860C2B /* ToDoDetailViewController.swift */,
			);
			path = "ToDo detail";
			sourceTree = "<group>";
		};
/* End PBXGroup section */

/* Begin PBXNativeTarget section */
		2788A87F2739574C002B4A5F /* TestFlowController */ = {
			isa = PBXNativeTarget;
			buildConfigurationList = 2788A8942739574E002B4A5F /* Build configuration list for PBXNativeTarget "TestFlowController" */;
			buildPhases = (
				2788A87C2739574C002B4A5F /* Sources */,
				2788A87D2739574C002B4A5F /* Frameworks */,
				2788A87E2739574C002B4A5F /* Resources */,
			);
			buildRules = (
			);
			dependencies = (
			);
			name = TestFlowController;
			productName = TestFlowController;
			productReference = 2788A8802739574C002B4A5F /* TestFlowController.app */;
			productType = "com.apple.product-type.application";
		};
/* End PBXNativeTarget section */

/* Begin PBXProject section */
		2788A8782739574C002B4A5F /* Project object */ = {
			isa = PBXProject;
			attributes = {
				BuildIndependentTargetsInParallel = 1;
				LastSwiftUpdateCheck = 1300;
				LastUpgradeCheck = 1300;
				TargetAttributes = {
					2788A87F2739574C002B4A5F = {
						CreatedOnToolsVersion = 13.0;
					};
				};
			};
			buildConfigurationList = 2788A87B2739574C002B4A5F /* Build configuration list for PBXProject "TestFlowController" */;
			compatibilityVersion = "Xcode 13.0";
			developmentRegion = en;
			hasScannedForEncodings = 0;
			knownRegions = (
				en,
				Base,
			);
			mainGroup = 2788A8772739574C002B4A5F;
			productRefGroup = 2788A8812739574C002B4A5F /* Products */;
			projectDirPath = "";
			projectRoot = "";
			targets = (
				2788A87F2739574C002B4A5F /* TestFlowController */,
			);
		};
/* End PBXProject section */

/* Begin PBXResourcesBuildPhase section */
		2788A87E2739574C002B4A5F /* Resources */ = {
			isa = PBXResourcesBuildPhase;
			buildActionMask = 2147483647;
			files = (
				2788A8902739574E002B4A5F /* LaunchScreen.storyboard in Resources */,
				2788A88D2739574E002B4A5F /* Assets.xcassets in Resources */,
			);
			runOnlyForDeploymentPostprocessing = 0;
		};
/* End PBXResourcesBuildPhase section */

/* Begin PBXSourcesBuildPhase section */
		2788A87C2739574C002B4A5F /* Sources */ = {
			isa = PBXSourcesBuildPhase;
			buildActionMask = 2147483647;
			files = (
				2774F0E827491D31001979BC /* SplashFlowController.swift in Sources */,
				276459D72782D12800B21186 /* RootTabBarController.swift in Sources */,
				276459CA2782926200B21186 /* LoginFlowController.swift in Sources */,
				276459D32782978000B21186 /* Notifications.swift in Sources */,
				276459D82782D12800B21186 /* RootTabBarDelegateProxy.swift in Sources */,
				2774F0EA27491D74001979BC /* SplashViewController.swift in Sources */,
				276459D42782978000B21186 /* Notifications+Handlings.swift in Sources */,
				276459BF2781E7D700B21186 /* LogViewController.swift in Sources */,
				2777A731273BFD2500860C2B /* ToDoDetailFlowController.swift in Sources */,
				2777A739273CB2A600860C2B /* RouteType.swift in Sources */,
				2777A72B273BC7AA00860C2B /* UIKit+Extension.swift in Sources */,
				2777A73E273D034E00860C2B /* AppFlowController.swift in Sources */,
				276459C12781F13300B21186 /* CompleteToDoListViewController.swift in Sources */,
				276459B927809AF100B21186 /* EditToDoViewController.swift in Sources */,
				2777A733273C04B100860C2B /* ToDoDetailViewController.swift in Sources */,
				2788A8842739574C002B4A5F /* AppDelegate.swift in Sources */,
				2777A737273C074000860C2B /* CompleteToDoListFlowController.swift in Sources */,
				274869A927494118003BE4CE /* AddToDoFlowController.swift in Sources */,
				276459BC2780A46E00B21186 /* EditToDoFlowController.swift in Sources */,
				276459B7278098EA00B21186 /* ToDoListViewController.swift in Sources */,
				2777A72F273BF9BB00860C2B /* RootTabBarFlowController.swift in Sources */,
				276459D0278292C800B21186 /* SignupViewController.swift in Sources */,
				2777A72D273BF62700860C2B /* ToDoListFlowController.swift in Sources */,
				276459CC2782927500B21186 /* LoginViewController.swift in Sources */,
				276459CE278292B700B21186 /* LoginOptionViewController.swift in Sources */,
			);
			runOnlyForDeploymentPostprocessing = 0;
		};
/* End PBXSourcesBuildPhase section */

/* Begin PBXVariantGroup section */
		2788A88E2739574E002B4A5F /* LaunchScreen.storyboard */ = {
			isa = PBXVariantGroup;
			children = (
				2788A88F2739574E002B4A5F /* Base */,
			);
			name = LaunchScreen.storyboard;
			sourceTree = "<group>";
		};
/* End PBXVariantGroup section */

/* Begin XCBuildConfiguration section */
		2788A8922739574E002B4A5F /* Debug */ = {
			isa = XCBuildConfiguration;
			buildSettings = {
				ALWAYS_SEARCH_USER_PATHS = NO;
				CLANG_ANALYZER_NONNULL = YES;
				CLANG_ANALYZER_NUMBER_OBJECT_CONVERSION = YES_AGGRESSIVE;
				CLANG_CXX_LANGUAGE_STANDARD = "gnu++17";
				CLANG_CXX_LIBRARY = "libc++";
				CLANG_ENABLE_MODULES = YES;
				CLANG_ENABLE_OBJC_ARC = YES;
				CLANG_ENABLE_OBJC_WEAK = YES;
				CLANG_WARN_BLOCK_CAPTURE_AUTORELEASING = YES;
				CLANG_WARN_BOOL_CONVERSION = YES;
				CLANG_WARN_COMMA = YES;
				CLANG_WARN_CONSTANT_CONVERSION = YES;
				CLANG_WARN_DEPRECATED_OBJC_IMPLEMENTATIONS = YES;
				CLANG_WARN_DIRECT_OBJC_ISA_USAGE = YES_ERROR;
				CLANG_WARN_DOCUMENTATION_COMMENTS = YES;
				CLANG_WARN_EMPTY_BODY = YES;
				CLANG_WARN_ENUM_CONVERSION = YES;
				CLANG_WARN_INFINITE_RECURSION = YES;
				CLANG_WARN_INT_CONVERSION = YES;
				CLANG_WARN_NON_LITERAL_NULL_CONVERSION = YES;
				CLANG_WARN_OBJC_IMPLICIT_RETAIN_SELF = YES;
				CLANG_WARN_OBJC_LITERAL_CONVERSION = YES;
				CLANG_WARN_OBJC_ROOT_CLASS = YES_ERROR;
				CLANG_WARN_QUOTED_INCLUDE_IN_FRAMEWORK_HEADER = YES;
				CLANG_WARN_RANGE_LOOP_ANALYSIS = YES;
				CLANG_WARN_STRICT_PROTOTYPES = YES;
				CLANG_WARN_SUSPICIOUS_MOVE = YES;
				CLANG_WARN_UNGUARDED_AVAILABILITY = YES_AGGRESSIVE;
				CLANG_WARN_UNREACHABLE_CODE = YES;
				CLANG_WARN__DUPLICATE_METHOD_MATCH = YES;
				COPY_PHASE_STRIP = NO;
				DEBUG_INFORMATION_FORMAT = dwarf;
				ENABLE_STRICT_OBJC_MSGSEND = YES;
				ENABLE_TESTABILITY = YES;
				GCC_C_LANGUAGE_STANDARD = gnu11;
				GCC_DYNAMIC_NO_PIC = NO;
				GCC_NO_COMMON_BLOCKS = YES;
				GCC_OPTIMIZATION_LEVEL = 0;
				GCC_PREPROCESSOR_DEFINITIONS = (
					"DEBUG=1",
					"$(inherited)",
				);
				GCC_WARN_64_TO_32_BIT_CONVERSION = YES;
				GCC_WARN_ABOUT_RETURN_TYPE = YES_ERROR;
				GCC_WARN_UNDECLARED_SELECTOR = YES;
				GCC_WARN_UNINITIALIZED_AUTOS = YES_AGGRESSIVE;
				GCC_WARN_UNUSED_FUNCTION = YES;
				GCC_WARN_UNUSED_VARIABLE = YES;
				IPHONEOS_DEPLOYMENT_TARGET = 15.0;
				MTL_ENABLE_DEBUG_INFO = INCLUDE_SOURCE;
				MTL_FAST_MATH = YES;
				ONLY_ACTIVE_ARCH = YES;
				SDKROOT = iphoneos;
				SWIFT_ACTIVE_COMPILATION_CONDITIONS = DEBUG;
				SWIFT_OPTIMIZATION_LEVEL = "-Onone";
			};
			name = Debug;
		};
		2788A8932739574E002B4A5F /* Release */ = {
			isa = XCBuildConfiguration;
			buildSettings = {
				ALWAYS_SEARCH_USER_PATHS = NO;
				CLANG_ANALYZER_NONNULL = YES;
				CLANG_ANALYZER_NUMBER_OBJECT_CONVERSION = YES_AGGRESSIVE;
				CLANG_CXX_LANGUAGE_STANDARD = "gnu++17";
				CLANG_CXX_LIBRARY = "libc++";
				CLANG_ENABLE_MODULES = YES;
				CLANG_ENABLE_OBJC_ARC = YES;
				CLANG_ENABLE_OBJC_WEAK = YES;
				CLANG_WARN_BLOCK_CAPTURE_AUTORELEASING = YES;
				CLANG_WARN_BOOL_CONVERSION = YES;
				CLANG_WARN_COMMA = YES;
				CLANG_WARN_CONSTANT_CONVERSION = YES;
				CLANG_WARN_DEPRECATED_OBJC_IMPLEMENTATIONS = YES;
				CLANG_WARN_DIRECT_OBJC_ISA_USAGE = YES_ERROR;
				CLANG_WARN_DOCUMENTATION_COMMENTS = YES;
				CLANG_WARN_EMPTY_BODY = YES;
				CLANG_WARN_ENUM_CONVERSION = YES;
				CLANG_WARN_INFINITE_RECURSION = YES;
				CLANG_WARN_INT_CONVERSION = YES;
				CLANG_WARN_NON_LITERAL_NULL_CONVERSION = YES;
				CLANG_WARN_OBJC_IMPLICIT_RETAIN_SELF = YES;
				CLANG_WARN_OBJC_LITERAL_CONVERSION = YES;
				CLANG_WARN_OBJC_ROOT_CLASS = YES_ERROR;
				CLANG_WARN_QUOTED_INCLUDE_IN_FRAMEWORK_HEADER = YES;
				CLANG_WARN_RANGE_LOOP_ANALYSIS = YES;
				CLANG_WARN_STRICT_PROTOTYPES = YES;
				CLANG_WARN_SUSPICIOUS_MOVE = YES;
				CLANG_WARN_UNGUARDED_AVAILABILITY = YES_AGGRESSIVE;
				CLANG_WARN_UNREACHABLE_CODE = YES;
				CLANG_WARN__DUPLICATE_METHOD_MATCH = YES;
				COPY_PHASE_STRIP = NO;
				DEBUG_INFORMATION_FORMAT = "dwarf-with-dsym";
				ENABLE_NS_ASSERTIONS = NO;
				ENABLE_STRICT_OBJC_MSGSEND = YES;
				GCC_C_LANGUAGE_STANDARD = gnu11;
				GCC_NO_COMMON_BLOCKS = YES;
				GCC_WARN_64_TO_32_BIT_CONVERSION = YES;
				GCC_WARN_ABOUT_RETURN_TYPE = YES_ERROR;
				GCC_WARN_UNDECLARED_SELECTOR = YES;
				GCC_WARN_UNINITIALIZED_AUTOS = YES_AGGRESSIVE;
				GCC_WARN_UNUSED_FUNCTION = YES;
				GCC_WARN_UNUSED_VARIABLE = YES;
				IPHONEOS_DEPLOYMENT_TARGET = 15.0;
				MTL_ENABLE_DEBUG_INFO = NO;
				MTL_FAST_MATH = YES;
				SDKROOT = iphoneos;
				SWIFT_COMPILATION_MODE = wholemodule;
				SWIFT_OPTIMIZATION_LEVEL = "-O";
				VALIDATE_PRODUCT = YES;
			};
			name = Release;
		};
		2788A8952739574E002B4A5F /* Debug */ = {
			isa = XCBuildConfiguration;
			buildSettings = {
				ASSETCATALOG_COMPILER_APPICON_NAME = AppIcon;
				ASSETCATALOG_COMPILER_GLOBAL_ACCENT_COLOR_NAME = AccentColor;
				CODE_SIGN_STYLE = Automatic;
				CURRENT_PROJECT_VERSION = 1;
				DEVELOPMENT_TEAM = 2WPPR9TCBD;
				GENERATE_INFOPLIST_FILE = YES;
				INFOPLIST_FILE = TestFlowController/Info.plist;
				INFOPLIST_KEY_UIApplicationSupportsIndirectInputEvents = YES;
				INFOPLIST_KEY_UILaunchStoryboardName = LaunchScreen;
				INFOPLIST_KEY_UISupportedInterfaceOrientations_iPad = "UIInterfaceOrientationPortrait UIInterfaceOrientationPortraitUpsideDown UIInterfaceOrientationLandscapeLeft UIInterfaceOrientationLandscapeRight";
				INFOPLIST_KEY_UISupportedInterfaceOrientations_iPhone = "UIInterfaceOrientationPortrait UIInterfaceOrientationLandscapeLeft UIInterfaceOrientationLandscapeRight";
				LD_RUNPATH_SEARCH_PATHS = (
					"$(inherited)",
					"@executable_path/Frameworks",
				);
				MARKETING_VERSION = 1.0;
				PRODUCT_BUNDLE_IDENTIFIER = com.lang.play.TestFlowController;
				PRODUCT_NAME = "$(TARGET_NAME)";
				SWIFT_EMIT_LOC_STRINGS = YES;
				SWIFT_VERSION = 5.0;
				TARGETED_DEVICE_FAMILY = 1;
			};
			name = Debug;
		};
		2788A8962739574E002B4A5F /* Release */ = {
			isa = XCBuildConfiguration;
			buildSettings = {
				ASSETCATALOG_COMPILER_APPICON_NAME = AppIcon;
				ASSETCATALOG_COMPILER_GLOBAL_ACCENT_COLOR_NAME = AccentColor;
				CODE_SIGN_STYLE = Automatic;
				CURRENT_PROJECT_VERSION = 1;
				DEVELOPMENT_TEAM = 2WPPR9TCBD;
				GENERATE_INFOPLIST_FILE = YES;
				INFOPLIST_FILE = TestFlowController/Info.plist;
				INFOPLIST_KEY_UIApplicationSupportsIndirectInputEvents = YES;
				INFOPLIST_KEY_UILaunchStoryboardName = LaunchScreen;
				INFOPLIST_KEY_UISupportedInterfaceOrientations_iPad = "UIInterfaceOrientationPortrait UIInterfaceOrientationPortraitUpsideDown UIInterfaceOrientationLandscapeLeft UIInterfaceOrientationLandscapeRight";
				INFOPLIST_KEY_UISupportedInterfaceOrientations_iPhone = "UIInterfaceOrientationPortrait UIInterfaceOrientationLandscapeLeft UIInterfaceOrientationLandscapeRight";
				LD_RUNPATH_SEARCH_PATHS = (
					"$(inherited)",
					"@executable_path/Frameworks",
				);
				MARKETING_VERSION = 1.0;
				PRODUCT_BUNDLE_IDENTIFIER = com.lang.play.TestFlowController;
				PRODUCT_NAME = "$(TARGET_NAME)";
				SWIFT_EMIT_LOC_STRINGS = YES;
				SWIFT_VERSION = 5.0;
				TARGETED_DEVICE_FAMILY = 1;
			};
			name = Release;
		};
/* End XCBuildConfiguration section */

/* Begin XCConfigurationList section */
		2788A87B2739574C002B4A5F /* Build configuration list for PBXProject "TestFlowController" */ = {
			isa = XCConfigurationList;
			buildConfigurations = (
				2788A8922739574E002B4A5F /* Debug */,
				2788A8932739574E002B4A5F /* Release */,
			);
			defaultConfigurationIsVisible = 0;
			defaultConfigurationName = Release;
		};
		2788A8942739574E002B4A5F /* Build configuration list for PBXNativeTarget "TestFlowController" */ = {
			isa = XCConfigurationList;
			buildConfigurations = (
				2788A8952739574E002B4A5F /* Debug */,
				2788A8962739574E002B4A5F /* Release */,
			);
			defaultConfigurationIsVisible = 0;
			defaultConfigurationName = Release;
		};
/* End XCConfigurationList section */
	};
	rootObject = 2788A8782739574C002B4A5F /* Project object */;
}
